// !$*UTF8*$!
{
	archiveVersion = 1;
	classes = {
	};
	objectVersion = 77;
	objects = {

/* Begin PBXBuildFile section */
		8A20D3012CD9E0F100106BF0 /* fitData.xcdatamodeld in Sources */ = {isa = PBXBuildFile; fileRef = 8A20D2FF2CD9E0F100106BF0 /* fitData.xcdatamodeld */; };
		8A71470B2CD9FB0600A75FED /* CalorieLog+CoreDataClass.swift in Sources */ = {isa = PBXBuildFile; fileRef = 8A7147092CD9FB0600A75FED /* CalorieLog+CoreDataClass.swift */; };
		8A71470C2CD9FB0600A75FED /* CalorieLog+CoreDataProperties.swift in Sources */ = {isa = PBXBuildFile; fileRef = 8A71470A2CD9FB0600A75FED /* CalorieLog+CoreDataProperties.swift */; };
/* End PBXBuildFile section */

/* Begin PBXContainerItemProxy section */
		8A8700642CB73BFF00D20F69 /* PBXContainerItemProxy */ = {
			isa = PBXContainerItemProxy;
			containerPortal = 8A87004B2CB73BFE00D20F69 /* Project object */;
			proxyType = 1;
			remoteGlobalIDString = 8A8700522CB73BFE00D20F69;
			remoteInfo = MyFit;
		};
		8A87006E2CB73BFF00D20F69 /* PBXContainerItemProxy */ = {
			isa = PBXContainerItemProxy;
			containerPortal = 8A87004B2CB73BFE00D20F69 /* Project object */;
			proxyType = 1;
			remoteGlobalIDString = 8A8700522CB73BFE00D20F69;
			remoteInfo = MyFit;
		};
/* End PBXContainerItemProxy section */

/* Begin PBXFileReference section */
		8A20D3002CD9E0F100106BF0 /* fitData.xcdatamodel */ = {isa = PBXFileReference; lastKnownFileType = wrapper.xcdatamodel; path = fitData.xcdatamodel; sourceTree = "<group>"; };
		8A7147092CD9FB0600A75FED /* CalorieLog+CoreDataClass.swift */ = {isa = PBXFileReference; lastKnownFileType = sourcecode.swift; path = "CalorieLog+CoreDataClass.swift"; sourceTree = "<group>"; };
		8A71470A2CD9FB0600A75FED /* CalorieLog+CoreDataProperties.swift */ = {isa = PBXFileReference; lastKnownFileType = sourcecode.swift; path = "CalorieLog+CoreDataProperties.swift"; sourceTree = "<group>"; };
		8A8700532CB73BFE00D20F69 /* MyFit.app */ = {isa = PBXFileReference; explicitFileType = wrapper.application; includeInIndex = 0; path = MyFit.app; sourceTree = BUILT_PRODUCTS_DIR; };
		8A8700632CB73BFF00D20F69 /* MyFitTests.xctest */ = {isa = PBXFileReference; explicitFileType = wrapper.cfbundle; includeInIndex = 0; path = MyFitTests.xctest; sourceTree = BUILT_PRODUCTS_DIR; };
		8A87006D2CB73BFF00D20F69 /* MyFitUITests.xctest */ = {isa = PBXFileReference; explicitFileType = wrapper.cfbundle; includeInIndex = 0; path = MyFitUITests.xctest; sourceTree = BUILT_PRODUCTS_DIR; };
/* End PBXFileReference section */

/* Begin PBXFileSystemSynchronizedRootGroup section */
		8A8700552CB73BFE00D20F69 /* MyFit */ = {
			isa = PBXFileSystemSynchronizedRootGroup;
			path = MyFit;
			sourceTree = "<group>";
		};
		8A8700662CB73BFF00D20F69 /* MyFitTests */ = {
			isa = PBXFileSystemSynchronizedRootGroup;
			path = MyFitTests;
			sourceTree = "<group>";
		};
		8A8700702CB73BFF00D20F69 /* MyFitUITests */ = {
			isa = PBXFileSystemSynchronizedRootGroup;
			path = MyFitUITests;
			sourceTree = "<group>";
		};
/* End PBXFileSystemSynchronizedRootGroup section */

/* Begin PBXFrameworksBuildPhase section */
		8A8700502CB73BFE00D20F69 /* Frameworks */ = {
			isa = PBXFrameworksBuildPhase;
			buildActionMask = 2147483647;
			files = (
			);
			runOnlyForDeploymentPostprocessing = 0;
		};
		8A8700602CB73BFF00D20F69 /* Frameworks */ = {
			isa = PBXFrameworksBuildPhase;
			buildActionMask = 2147483647;
			files = (
			);
			runOnlyForDeploymentPostprocessing = 0;
		};
		8A87006A2CB73BFF00D20F69 /* Frameworks */ = {
			isa = PBXFrameworksBuildPhase;
			buildActionMask = 2147483647;
			files = (
			);
			runOnlyForDeploymentPostprocessing = 0;
		};
/* End PBXFrameworksBuildPhase section */

/* Begin PBXGroup section */
		8A87004A2CB73BFE00D20F69 = {
			isa = PBXGroup;
			children = (
				8A7147092CD9FB0600A75FED /* CalorieLog+CoreDataClass.swift */,
				8A71470A2CD9FB0600A75FED /* CalorieLog+CoreDataProperties.swift */,
				8A20D2FF2CD9E0F100106BF0 /* fitData.xcdatamodeld */,
				8A8700552CB73BFE00D20F69 /* MyFit */,
				8A8700662CB73BFF00D20F69 /* MyFitTests */,
				8A8700702CB73BFF00D20F69 /* MyFitUITests */,
				8A8700542CB73BFE00D20F69 /* Products */,
			);
			sourceTree = "<group>";
		};
		8A8700542CB73BFE00D20F69 /* Products */ = {
			isa = PBXGroup;
			children = (
				8A8700532CB73BFE00D20F69 /* MyFit.app */,
				8A8700632CB73BFF00D20F69 /* MyFitTests.xctest */,
				8A87006D2CB73BFF00D20F69 /* MyFitUITests.xctest */,
			);
			name = Products;
			sourceTree = "<group>";
		};
/* End PBXGroup section */

/* Begin PBXNativeTarget section */
		8A8700522CB73BFE00D20F69 /* MyFit */ = {
			isa = PBXNativeTarget;
			buildConfigurationList = 8A8700772CB73BFF00D20F69 /* Build configuration list for PBXNativeTarget "MyFit" */;
			buildPhases = (
				8A87004F2CB73BFE00D20F69 /* Sources */,
				8A8700502CB73BFE00D20F69 /* Frameworks */,
				8A8700512CB73BFE00D20F69 /* Resources */,
			);
			buildRules = (
			);
			dependencies = (
			);
			fileSystemSynchronizedGroups = (
				8A8700552CB73BFE00D20F69 /* MyFit */,
			);
			name = MyFit;
			packageProductDependencies = (
			);
			productName = MyFit;
			productReference = 8A8700532CB73BFE00D20F69 /* MyFit.app */;
			productType = "com.apple.product-type.application";
		};
		8A8700622CB73BFF00D20F69 /* MyFitTests */ = {
			isa = PBXNativeTarget;
			buildConfigurationList = 8A87007A2CB73BFF00D20F69 /* Build configuration list for PBXNativeTarget "MyFitTests" */;
			buildPhases = (
				8A87005F2CB73BFF00D20F69 /* Sources */,
				8A8700602CB73BFF00D20F69 /* Frameworks */,
				8A8700612CB73BFF00D20F69 /* Resources */,
			);
			buildRules = (
			);
			dependencies = (
				8A8700652CB73BFF00D20F69 /* PBXTargetDependency */,
			);
			fileSystemSynchronizedGroups = (
				8A8700662CB73BFF00D20F69 /* MyFitTests */,
			);
			name = MyFitTests;
			packageProductDependencies = (
			);
			productName = MyFitTests;
			productReference = 8A8700632CB73BFF00D20F69 /* MyFitTests.xctest */;
			productType = "com.apple.product-type.bundle.unit-test";
		};
		8A87006C2CB73BFF00D20F69 /* MyFitUITests */ = {
			isa = PBXNativeTarget;
			buildConfigurationList = 8A87007D2CB73BFF00D20F69 /* Build configuration list for PBXNativeTarget "MyFitUITests" */;
			buildPhases = (
				8A8700692CB73BFF00D20F69 /* Sources */,
				8A87006A2CB73BFF00D20F69 /* Frameworks */,
				8A87006B2CB73BFF00D20F69 /* Resources */,
			);
			buildRules = (
			);
			dependencies = (
				8A87006F2CB73BFF00D20F69 /* PBXTargetDependency */,
			);
			fileSystemSynchronizedGroups = (
				8A8700702CB73BFF00D20F69 /* MyFitUITests */,
			);
			name = MyFitUITests;
			packageProductDependencies = (
			);
			productName = MyFitUITests;
			productReference = 8A87006D2CB73BFF00D20F69 /* MyFitUITests.xctest */;
			productType = "com.apple.product-type.bundle.ui-testing";
		};
/* End PBXNativeTarget section */

/* Begin PBXProject section */
		8A87004B2CB73BFE00D20F69 /* Project object */ = {
			isa = PBXProject;
			attributes = {
				BuildIndependentTargetsInParallel = 1;
				LastSwiftUpdateCheck = 1600;
				LastUpgradeCheck = 1600;
				TargetAttributes = {
					8A8700522CB73BFE00D20F69 = {
						CreatedOnToolsVersion = 16.0;
					};
					8A8700622CB73BFF00D20F69 = {
						CreatedOnToolsVersion = 16.0;
						TestTargetID = 8A8700522CB73BFE00D20F69;
					};
					8A87006C2CB73BFF00D20F69 = {
						CreatedOnToolsVersion = 16.0;
						TestTargetID = 8A8700522CB73BFE00D20F69;
					};
				};
			};
			buildConfigurationList = 8A87004E2CB73BFE00D20F69 /* Build configuration list for PBXProject "MyFit" */;
			developmentRegion = en;
			hasScannedForEncodings = 0;
			knownRegions = (
				en,
				Base,
			);
			mainGroup = 8A87004A2CB73BFE00D20F69;
			minimizedProjectReferenceProxies = 1;
			preferredProjectObjectVersion = 77;
			productRefGroup = 8A8700542CB73BFE00D20F69 /* Products */;
			projectDirPath = "";
			projectRoot = "";
			targets = (
				8A8700522CB73BFE00D20F69 /* MyFit */,
				8A8700622CB73BFF00D20F69 /* MyFitTests */,
				8A87006C2CB73BFF00D20F69 /* MyFitUITests */,
			);
		};
/* End PBXProject section */

/* Begin PBXResourcesBuildPhase section */
		8A8700512CB73BFE00D20F69 /* Resources */ = {
			isa = PBXResourcesBuildPhase;
			buildActionMask = 2147483647;
			files = (
			);
			runOnlyForDeploymentPostprocessing = 0;
		};
		8A8700612CB73BFF00D20F69 /* Resources */ = {
			isa = PBXResourcesBuildPhase;
			buildActionMask = 2147483647;
			files = (
			);
			runOnlyForDeploymentPostprocessing = 0;
		};
		8A87006B2CB73BFF00D20F69 /* Resources */ = {
			isa = PBXResourcesBuildPhase;
			buildActionMask = 2147483647;
			files = (
			);
			runOnlyForDeploymentPostprocessing = 0;
		};
/* End PBXResourcesBuildPhase section */

/* Begin PBXSourcesBuildPhase section */
		8A87004F2CB73BFE00D20F69 /* Sources */ = {
			isa = PBXSourcesBuildPhase;
			buildActionMask = 2147483647;
			files = (
				8A71470B2CD9FB0600A75FED /* CalorieLog+CoreDataClass.swift in Sources */,
				8A71470C2CD9FB0600A75FED /* CalorieLog+CoreDataProperties.swift in Sources */,
				8A20D3012CD9E0F100106BF0 /* fitData.xcdatamodeld in Sources */,
			);
			runOnlyForDeploymentPostprocessing = 0;
		};
		8A87005F2CB73BFF00D20F69 /* Sources */ = {
			isa = PBXSourcesBuildPhase;
			buildActionMask = 2147483647;
			files = (
			);
			runOnlyForDeploymentPostprocessing = 0;
		};
		8A8700692CB73BFF00D20F69 /* Sources */ = {
			isa = PBXSourcesBuildPhase;
			buildActionMask = 2147483647;
			files = (
			);
			runOnlyForDeploymentPostprocessing = 0;
		};
/* End PBXSourcesBuildPhase section */

/* Begin PBXTargetDependency section */
		8A8700652CB73BFF00D20F69 /* PBXTargetDependency */ = {
			isa = PBXTargetDependency;
			target = 8A8700522CB73BFE00D20F69 /* MyFit */;
			targetProxy = 8A8700642CB73BFF00D20F69 /* PBXContainerItemProxy */;
		};
		8A87006F2CB73BFF00D20F69 /* PBXTargetDependency */ = {
			isa = PBXTargetDependency;
			target = 8A8700522CB73BFE00D20F69 /* MyFit */;
			targetProxy = 8A87006E2CB73BFF00D20F69 /* PBXContainerItemProxy */;
		};
/* End PBXTargetDependency section */

/* Begin XCBuildConfiguration section */
		8A8700752CB73BFF00D20F69 /* Debug */ = {
			isa = XCBuildConfiguration;
			buildSettings = {
				ALWAYS_SEARCH_USER_PATHS = NO;
				ASSETCATALOG_COMPILER_GENERATE_SWIFT_ASSET_SYMBOL_EXTENSIONS = YES;
				CLANG_ANALYZER_NONNULL = YES;
				CLANG_ANALYZER_NUMBER_OBJECT_CONVERSION = YES_AGGRESSIVE;
				CLANG_CXX_LANGUAGE_STANDARD = "gnu++20";
				CLANG_ENABLE_MODULES = YES;
				CLANG_ENABLE_OBJC_ARC = YES;
				CLANG_ENABLE_OBJC_WEAK = YES;
				CLANG_WARN_BLOCK_CAPTURE_AUTORELEASING = YES;
				CLANG_WARN_BOOL_CONVERSION = YES;
				CLANG_WARN_COMMA = YES;
				CLANG_WARN_CONSTANT_CONVERSION = YES;
				CLANG_WARN_DEPRECATED_OBJC_IMPLEMENTATIONS = YES;
				CLANG_WARN_DIRECT_OBJC_ISA_USAGE = YES_ERROR;
				CLANG_WARN_DOCUMENTATION_COMMENTS = YES;
				CLANG_WARN_EMPTY_BODY = YES;
				CLANG_WARN_ENUM_CONVERSION = YES;
				CLANG_WARN_INFINITE_RECURSION = YES;
				CLANG_WARN_INT_CONVERSION = YES;
				CLANG_WARN_NON_LITERAL_NULL_CONVERSION = YES;
				CLANG_WARN_OBJC_IMPLICIT_RETAIN_SELF = YES;
				CLANG_WARN_OBJC_LITERAL_CONVERSION = YES;
				CLANG_WARN_OBJC_ROOT_CLASS = YES_ERROR;
				CLANG_WARN_QUOTED_INCLUDE_IN_FRAMEWORK_HEADER = YES;
				CLANG_WARN_RANGE_LOOP_ANALYSIS = YES;
				CLANG_WARN_STRICT_PROTOTYPES = YES;
				CLANG_WARN_SUSPICIOUS_MOVE = YES;
				CLANG_WARN_UNGUARDED_AVAILABILITY = YES_AGGRESSIVE;
				CLANG_WARN_UNREACHABLE_CODE = YES;
				CLANG_WARN__DUPLICATE_METHOD_MATCH = YES;
				COPY_PHASE_STRIP = NO;
				DEBUG_INFORMATION_FORMAT = dwarf;
				ENABLE_STRICT_OBJC_MSGSEND = YES;
				ENABLE_TESTABILITY = YES;
				ENABLE_USER_SCRIPT_SANDBOXING = YES;
				GCC_C_LANGUAGE_STANDARD = gnu17;
				GCC_DYNAMIC_NO_PIC = NO;
				GCC_NO_COMMON_BLOCKS = YES;
				GCC_OPTIMIZATION_LEVEL = 0;
				GCC_PREPROCESSOR_DEFINITIONS = (
					"DEBUG=1",
					"$(inherited)",
				);
				GCC_WARN_64_TO_32_BIT_CONVERSION = YES;
				GCC_WARN_ABOUT_RETURN_TYPE = YES_ERROR;
				GCC_WARN_UNDECLARED_SELECTOR = YES;
				GCC_WARN_UNINITIALIZED_AUTOS = YES_AGGRESSIVE;
				GCC_WARN_UNUSED_FUNCTION = YES;
				GCC_WARN_UNUSED_VARIABLE = YES;
				IPHONEOS_DEPLOYMENT_TARGET = 18.0;
				LOCALIZATION_PREFERS_STRING_CATALOGS = YES;
				MTL_ENABLE_DEBUG_INFO = INCLUDE_SOURCE;
				MTL_FAST_MATH = YES;
				ONLY_ACTIVE_ARCH = YES;
				SDKROOT = iphoneos;
				SWIFT_ACTIVE_COMPILATION_CONDITIONS = "DEBUG $(inherited)";
				SWIFT_OPTIMIZATION_LEVEL = "-Onone";
			};
			name = Debug;
		};
		8A8700762CB73BFF00D20F69 /* Release */ = {
			isa = XCBuildConfiguration;
			buildSettings = {
				ALWAYS_SEARCH_USER_PATHS = NO;
				ASSETCATALOG_COMPILER_GENERATE_SWIFT_ASSET_SYMBOL_EXTENSIONS = YES;
				CLANG_ANALYZER_NONNULL = YES;
				CLANG_ANALYZER_NUMBER_OBJECT_CONVERSION = YES_AGGRESSIVE;
				CLANG_CXX_LANGUAGE_STANDARD = "gnu++20";
				CLANG_ENABLE_MODULES = YES;
				CLANG_ENABLE_OBJC_ARC = YES;
				CLANG_ENABLE_OBJC_WEAK = YES;
				CLANG_WARN_BLOCK_CAPTURE_AUTORELEASING = YES;
				CLANG_WARN_BOOL_CONVERSION = YES;
				CLANG_WARN_COMMA = YES;
				CLANG_WARN_CONSTANT_CONVERSION = YES;
				CLANG_WARN_DEPRECATED_OBJC_IMPLEMENTATIONS = YES;
				CLANG_WARN_DIRECT_OBJC_ISA_USAGE = YES_ERROR;
				CLANG_WARN_DOCUMENTATION_COMMENTS = YES;
				CLANG_WARN_EMPTY_BODY = YES;
				CLANG_WARN_ENUM_CONVERSION = YES;
				CLANG_WARN_INFINITE_RECURSION = YES;
				CLANG_WARN_INT_CONVERSION = YES;
				CLANG_WARN_NON_LITERAL_NULL_CONVERSION = YES;
				CLANG_WARN_OBJC_IMPLICIT_RETAIN_SELF = YES;
				CLANG_WARN_OBJC_LITERAL_CONVERSION = YES;
				CLANG_WARN_OBJC_ROOT_CLASS = YES_ERROR;
				CLANG_WARN_QUOTED_INCLUDE_IN_FRAMEWORK_HEADER = YES;
				CLANG_WARN_RANGE_LOOP_ANALYSIS = YES;
				CLANG_WARN_STRICT_PROTOTYPES = YES;
				CLANG_WARN_SUSPICIOUS_MOVE = YES;
				CLANG_WARN_UNGUARDED_AVAILABILITY = YES_AGGRESSIVE;
				CLANG_WARN_UNREACHABLE_CODE = YES;
				CLANG_WARN__DUPLICATE_METHOD_MATCH = YES;
				COPY_PHASE_STRIP = NO;
				DEBUG_INFORMATION_FORMAT = "dwarf-with-dsym";
				ENABLE_NS_ASSERTIONS = NO;
				ENABLE_STRICT_OBJC_MSGSEND = YES;
				ENABLE_USER_SCRIPT_SANDBOXING = YES;
				GCC_C_LANGUAGE_STANDARD = gnu17;
				GCC_NO_COMMON_BLOCKS = YES;
				GCC_WARN_64_TO_32_BIT_CONVERSION = YES;
				GCC_WARN_ABOUT_RETURN_TYPE = YES_ERROR;
				GCC_WARN_UNDECLARED_SELECTOR = YES;
				GCC_WARN_UNINITIALIZED_AUTOS = YES_AGGRESSIVE;
				GCC_WARN_UNUSED_FUNCTION = YES;
				GCC_WARN_UNUSED_VARIABLE = YES;
				IPHONEOS_DEPLOYMENT_TARGET = 18.0;
				LOCALIZATION_PREFERS_STRING_CATALOGS = YES;
				MTL_ENABLE_DEBUG_INFO = NO;
				MTL_FAST_MATH = YES;
				SDKROOT = iphoneos;
				SWIFT_COMPILATION_MODE = wholemodule;
				VALIDATE_PRODUCT = YES;
			};
			name = Release;
		};
		8A8700782CB73BFF00D20F69 /* Debug */ = {
			isa = XCBuildConfiguration;
			buildSettings = {
				ASSETCATALOG_COMPILER_APPICON_NAME = AppIcon;
				ASSETCATALOG_COMPILER_GLOBAL_ACCENT_COLOR_NAME = AccentColor;
				CODE_SIGN_ENTITLEMENTS = MyFit/MyFit.entitlements;
				CODE_SIGN_STYLE = Automatic;
				CURRENT_PROJECT_VERSION = 1;
				DEVELOPMENT_ASSET_PATHS = "\"MyFit/Preview Content\"";
				DEVELOPMENT_TEAM = 3QM3N2RY5Z;
				ENABLE_PREVIEWS = YES;
				GENERATE_INFOPLIST_FILE = YES;
				INFOPLIST_KEY_LSApplicationCategoryType = "public.app-category.healthcare-fitness";
				INFOPLIST_KEY_UIApplicationSceneManifest_Generation = YES;
				INFOPLIST_KEY_UIApplicationSupportsIndirectInputEvents = YES;
				INFOPLIST_KEY_UILaunchScreen_Generation = YES;
				INFOPLIST_KEY_UISupportedInterfaceOrientations_iPad = "UIInterfaceOrientationPortrait UIInterfaceOrientationPortraitUpsideDown UIInterfaceOrientationLandscapeLeft UIInterfaceOrientationLandscapeRight";
				INFOPLIST_KEY_UISupportedInterfaceOrientations_iPhone = "UIInterfaceOrientationPortrait UIInterfaceOrientationLandscapeLeft UIInterfaceOrientationLandscapeRight";
				LD_RUNPATH_SEARCH_PATHS = (
					"$(inherited)",
					"@executable_path/Frameworks",
				);
				MARKETING_VERSION = 1.0;
				PRODUCT_BUNDLE_IDENTIFIER = com.personalteam.MyFit;
				PRODUCT_NAME = "$(TARGET_NAME)";
				SWIFT_EMIT_LOC_STRINGS = YES;
				SWIFT_VERSION = 5.0;
				TARGETED_DEVICE_FAMILY = "1,2";
			};
			name = Debug;
		};
		8A8700792CB73BFF00D20F69 /* Release */ = {
			isa = XCBuildConfiguration;
			buildSettings = {
				ASSETCATALOG_COMPILER_APPICON_NAME = AppIcon;
				ASSETCATALOG_COMPILER_GLOBAL_ACCENT_COLOR_NAME = AccentColor;
				CODE_SIGN_ENTITLEMENTS = MyFit/MyFit.entitlements;
				CODE_SIGN_STYLE = Automatic;
				CURRENT_PROJECT_VERSION = 1;
				DEVELOPMENT_ASSET_PATHS = "\"MyFit/Preview Content\"";
				DEVELOPMENT_TEAM = 3QM3N2RY5Z;
				ENABLE_PREVIEWS = YES;
				GENERATE_INFOPLIST_FILE = YES;
				INFOPLIST_KEY_LSApplicationCategoryType = "public.app-category.healthcare-fitness";
				INFOPLIST_KEY_UIApplicationSceneManifest_Generation = YES;
				INFOPLIST_KEY_UIApplicationSupportsIndirectInputEvents = YES;
				INFOPLIST_KEY_UILaunchScreen_Generation = YES;
				INFOPLIST_KEY_UISupportedInterfaceOrientations_iPad = "UIInterfaceOrientationPortrait UIInterfaceOrientationPortraitUpsideDown UIInterfaceOrientationLandscapeLeft UIInterfaceOrientationLandscapeRight";
				INFOPLIST_KEY_UISupportedInterfaceOrientations_iPhone = "UIInterfaceOrientationPortrait UIInterfaceOrientationLandscapeLeft UIInterfaceOrientationLandscapeRight";
				LD_RUNPATH_SEARCH_PATHS = (
					"$(inherited)",
					"@executable_path/Frameworks",
				);
				MARKETING_VERSION = 1.0;
				PRODUCT_BUNDLE_IDENTIFIER = com.personalteam.MyFit;
				PRODUCT_NAME = "$(TARGET_NAME)";
				SWIFT_EMIT_LOC_STRINGS = YES;
				SWIFT_VERSION = 5.0;
				TARGETED_DEVICE_FAMILY = "1,2";
			};
			name = Release;
		};
		8A87007B2CB73BFF00D20F69 /* Debug */ = {
			isa = XCBuildConfiguration;
			buildSettings = {
				BUNDLE_LOADER = "$(TEST_HOST)";
				CODE_SIGN_STYLE = Automatic;
				CURRENT_PROJECT_VERSION = 1;
				DEVELOPMENT_TEAM = 3QM3N2RY5Z;
				GENERATE_INFOPLIST_FILE = YES;
				IPHONEOS_DEPLOYMENT_TARGET = 18.0;
				MARKETING_VERSION = 1.0;
				PRODUCT_BUNDLE_IDENTIFIER = personalteam.MyFitTests;
				PRODUCT_NAME = "$(TARGET_NAME)";
				SWIFT_EMIT_LOC_STRINGS = NO;
				SWIFT_VERSION = 5.0;
				TARGETED_DEVICE_FAMILY = "1,2";
				TEST_HOST = "$(BUILT_PRODUCTS_DIR)/MyFit.app/$(BUNDLE_EXECUTABLE_FOLDER_PATH)/MyFit";
			};
			name = Debug;
		};
		8A87007C2CB73BFF00D20F69 /* Release */ = {
			isa = XCBuildConfiguration;
			buildSettings = {
				BUNDLE_LOADER = "$(TEST_HOST)";
				CODE_SIGN_STYLE = Automatic;
				CURRENT_PROJECT_VERSION = 1;
				DEVELOPMENT_TEAM = 3QM3N2RY5Z;
				GENERATE_INFOPLIST_FILE = YES;
				IPHONEOS_DEPLOYMENT_TARGET = 18.0;
				MARKETING_VERSION = 1.0;
				PRODUCT_BUNDLE_IDENTIFIER = personalteam.MyFitTests;
				PRODUCT_NAME = "$(TARGET_NAME)";
				SWIFT_EMIT_LOC_STRINGS = NO;
				SWIFT_VERSION = 5.0;
				TARGETED_DEVICE_FAMILY = "1,2";
				TEST_HOST = "$(BUILT_PRODUCTS_DIR)/MyFit.app/$(BUNDLE_EXECUTABLE_FOLDER_PATH)/MyFit";
			};
			name = Release;
		};
		8A87007E2CB73BFF00D20F69 /* Debug */ = {
			isa = XCBuildConfiguration;
			buildSettings = {
				CODE_SIGN_STYLE = Automatic;
				CURRENT_PROJECT_VERSION = 1;
				DEVELOPMENT_TEAM = 3QM3N2RY5Z;
				GENERATE_INFOPLIST_FILE = YES;
				MARKETING_VERSION = 1.0;
				PRODUCT_BUNDLE_IDENTIFIER = personalteam.MyFitUITests;
				PRODUCT_NAME = "$(TARGET_NAME)";
				SWIFT_EMIT_LOC_STRINGS = NO;
				SWIFT_VERSION = 5.0;
				TARGETED_DEVICE_FAMILY = "1,2";
				TEST_TARGET_NAME = MyFit;
			};
			name = Debug;
		};
		8A87007F2CB73BFF00D20F69 /* Release */ = {
			isa = XCBuildConfiguration;
			buildSettings = {
				CODE_SIGN_STYLE = Automatic;
				CURRENT_PROJECT_VERSION = 1;
				DEVELOPMENT_TEAM = 3QM3N2RY5Z;
				GENERATE_INFOPLIST_FILE = YES;
				MARKETING_VERSION = 1.0;
				PRODUCT_BUNDLE_IDENTIFIER = personalteam.MyFitUITests;
				PRODUCT_NAME = "$(TARGET_NAME)";
				SWIFT_EMIT_LOC_STRINGS = NO;
				SWIFT_VERSION = 5.0;
				TARGETED_DEVICE_FAMILY = "1,2";
				TEST_TARGET_NAME = MyFit;
			};
			name = Release;
		};
/* End XCBuildConfiguration section */

/* Begin XCConfigurationList section */
		8A87004E2CB73BFE00D20F69 /* Build configuration list for PBXProject "MyFit" */ = {
			isa = XCConfigurationList;
			buildConfigurations = (
				8A8700752CB73BFF00D20F69 /* Debug */,
				8A8700762CB73BFF00D20F69 /* Release */,
			);
			defaultConfigurationIsVisible = 0;
			defaultConfigurationName = Release;
		};
		8A8700772CB73BFF00D20F69 /* Build configuration list for PBXNativeTarget "MyFit" */ = {
			isa = XCConfigurationList;
			buildConfigurations = (
				8A8700782CB73BFF00D20F69 /* Debug */,
				8A8700792CB73BFF00D20F69 /* Release */,
			);
			defaultConfigurationIsVisible = 0;
			defaultConfigurationName = Release;
		};
		8A87007A2CB73BFF00D20F69 /* Build configuration list for PBXNativeTarget "MyFitTests" */ = {
			isa = XCConfigurationList;
			buildConfigurations = (
				8A87007B2CB73BFF00D20F69 /* Debug */,
				8A87007C2CB73BFF00D20F69 /* Release */,
			);
			defaultConfigurationIsVisible = 0;
			defaultConfigurationName = Release;
		};
		8A87007D2CB73BFF00D20F69 /* Build configuration list for PBXNativeTarget "MyFitUITests" */ = {
			isa = XCConfigurationList;
			buildConfigurations = (
				8A87007E2CB73BFF00D20F69 /* Debug */,
				8A87007F2CB73BFF00D20F69 /* Release */,
			);
			defaultConfigurationIsVisible = 0;
			defaultConfigurationName = Release;
		};
/* End XCConfigurationList section */

/* Begin XCVersionGroup section */
		8A20D2FF2CD9E0F100106BF0 /* fitData.xcdatamodeld */ = {
			isa = XCVersionGroup;
			children = (
				8A20D3002CD9E0F100106BF0 /* fitData.xcdatamodel */,
			);
			currentVersion = 8A20D3002CD9E0F100106BF0 /* fitData.xcdatamodel */;
			path = fitData.xcdatamodeld;
			sourceTree = "<group>";
			versionGroupType = wrapper.xcdatamodel;
		};
/* End XCVersionGroup section */
	};
	rootObject = 8A87004B2CB73BFE00D20F69 /* Project object */;
}
